
Microsoft Visual Studio Solution File, Format Version 12.00
# Visual Studio Version 17
VisualStudioVersion = 17.14.36109.1 d17.14
MinimumVisualStudioVersion = 10.0.40219.1
Project("{FAE04EC0-301F-11D3-BF4B-00C04F79EFBC}") = "08_SamplesDelegates", "08_SamplesDelegates\08_SamplesDelegates.csproj", "{D82016FF-7EF2-4C6C-B8B5-2EEF3D5EAB6A}"
EndProject
Global
	GlobalSection(SolutionConfigurationPlatforms) = preSolution
		Debug|Any CPU = Debug|Any CPU
		Release|Any CPU = Release|Any CPU
	EndGlobalSection
	GlobalSection(ProjectConfigurationPlatforms) = postSolution
		{D82016FF-7EF2-4C6C-B8B5-2EEF3D5EAB6A}.Debug|Any CPU.ActiveCfg = Debug|Any CPU
		{D82016FF-7EF2-4C6C-B8B5-2EEF3D5EAB6A}.Debug|Any CPU.Build.0 = Debug|Any CPU
		{D82016FF-7EF2-4C6C-B8B5-2EEF3D5EAB6A}.Release|Any CPU.ActiveCfg = Release|Any CPU
		{D82016FF-7EF2-4C6C-B8B5-2EEF3D5EAB6A}.Release|Any CPU.Build.0 = Release|Any CPU
	EndGlobalSection
	GlobalSection(SolutionProperties) = preSolution
		HideSolutionNode = FALSE
	EndGlobalSection
	GlobalSection(ExtensibilityGlobals) = postSolution
		SolutionGuid = {609EAB1E-1D36-4FA3-86BB-C03708C46C0F}
	EndGlobalSection
EndGlobal
