
Microsoft Visual Studio Solution File, Format Version 12.00
# Visual Studio Version 17
VisualStudioVersion = 17.14.36109.1 d17.14
MinimumVisualStudioVersion = 10.0.40219.1
Project("{FAE04EC0-301F-11D3-BF4B-00C04F79EFBC}") = "DeadlockGenerator", "DeadlockGenerator\DeadlockGenerator.csproj", "{CAD4EBF7-BB8C-4331-855C-6BF249F1F896}"
EndProject
Global
	GlobalSection(SolutionConfigurationPlatforms) = preSolution
		Debug|Any CPU = Debug|Any CPU
		Release|Any CPU = Release|Any CPU
	EndGlobalSection
	GlobalSection(ProjectConfigurationPlatforms) = postSolution
		{CAD4EBF7-BB8C-4331-855C-6BF249F1F896}.Debug|Any CPU.ActiveCfg = Debug|Any CPU
		{CAD4EBF7-BB8C-4331-855C-6BF249F1F896}.Debug|Any CPU.Build.0 = Debug|Any CPU
		{CAD4EBF7-BB8C-4331-855C-6BF249F1F896}.Release|Any CPU.ActiveCfg = Release|Any CPU
		{CAD4EBF7-BB8C-4331-855C-6BF249F1F896}.Release|Any CPU.Build.0 = Release|Any CPU
	EndGlobalSection
	GlobalSection(SolutionProperties) = preSolution
		HideSolutionNode = FALSE
	EndGlobalSection
	GlobalSection(ExtensibilityGlobals) = postSolution
		SolutionGuid = {1E0F20F6-83A2-415A-9024-97DDBF2592A9}
	EndGlobalSection
EndGlobal
