
Microsoft Visual Studio Solution File, Format Version 12.00
# Visual Studio Version 17
VisualStudioVersion = 17.14.36109.1 d17.14
MinimumVisualStudioVersion = 10.0.40219.1
Project("{FAE04EC0-301F-11D3-BF4B-00C04F79EFBC}") = "10_Transaktionen", "10_Transaktionen\10_Transaktionen.csproj", "{B26A467E-1E03-440C-98DC-DC0A02E3D8E4}"
EndProject
Global
	GlobalSection(SolutionConfigurationPlatforms) = preSolution
		Debug|Any CPU = Debug|Any CPU
		Release|Any CPU = Release|Any CPU
	EndGlobalSection
	GlobalSection(ProjectConfigurationPlatforms) = postSolution
		{B26A467E-1E03-440C-98DC-DC0A02E3D8E4}.Debug|Any CPU.ActiveCfg = Debug|Any CPU
		{B26A467E-1E03-440C-98DC-DC0A02E3D8E4}.Debug|Any CPU.Build.0 = Debug|Any CPU
		{B26A467E-1E03-440C-98DC-DC0A02E3D8E4}.Release|Any CPU.ActiveCfg = Release|Any CPU
		{B26A467E-1E03-440C-98DC-DC0A02E3D8E4}.Release|Any CPU.Build.0 = Release|Any CPU
	EndGlobalSection
	GlobalSection(SolutionProperties) = preSolution
		HideSolutionNode = FALSE
	EndGlobalSection
	GlobalSection(ExtensibilityGlobals) = postSolution
		SolutionGuid = {332DF8A8-B153-4EE8-A74F-A400A38937E7}
	EndGlobalSection
EndGlobal
